
Microsoft Visual Studio Solution File, Format Version 12.00
# Visual Studio Version 17
VisualStudioVersion = 17.7.34031.279
MinimumVisualStudioVersion = 10.0.40219.1
Project("{FAE04EC0-301F-11D3-BF4B-00C04F79EFBC}") = "hack-the-north-glove", "hack-the-north-glove.csproj", "{EFEEDC17-EB73-477D-9289-B24C2229CDEC}"
EndProject
Global
	GlobalSection(SolutionConfigurationPlatforms) = preSolution
		Debug|Any CPU = Debug|Any CPU
		Release|Any CPU = Release|Any CPU
	EndGlobalSection
	GlobalSection(ProjectConfigurationPlatforms) = postSolution
		{EFEEDC17-EB73-477D-9289-B24C2229CDEC}.Debug|Any CPU.ActiveCfg = Debug|Any CPU
		{EFEEDC17-EB73-477D-9289-B24C2229CDEC}.Debug|Any CPU.Build.0 = Debug|Any CPU
		{EFEEDC17-EB73-477D-9289-B24C2229CDEC}.Release|Any CPU.ActiveCfg = Release|Any CPU
		{EFEEDC17-EB73-477D-9289-B24C2229CDEC}.Release|Any CPU.Build.0 = Release|Any CPU
	EndGlobalSection
	GlobalSection(SolutionProperties) = preSolution
		HideSolutionNode = FALSE
	EndGlobalSection
	GlobalSection(ExtensibilityGlobals) = postSolution
		SolutionGuid = {B94EDF38-C1F9-43B2-B7B4-3D5E6D6FE36B}
	EndGlobalSection
EndGlobal
